
Microsoft Visual Studio Solution File, Format Version 12.00
# Visual Studio Version 17
VisualStudioVersion = 17.0.0.0
MinimumVisualStudioVersion = 10.0.40219.1
Project("{2150E333-8FDC-42A3-9474-1A3956D46DE8}") = "src", "src", "{11111111-0000-0000-0000-000000000001}"
EndProject
Project("{2150E333-8FDC-42A3-9474-1A3956D46DE8}") = "BuildingBlocks", "BuildingBlocks", "{11111111-0000-0000-0000-000000000002}"
EndProject
Project("{2150E333-8FDC-42A3-9474-1A3956D46DE8}") = "Services", "Services", "{11111111-0000-0000-0000-000000000003}"
EndProject
Project("{2150E333-8FDC-42A3-9474-1A3956D46DE8}") = "AuthService", "AuthService", "{11111111-0000-0000-0000-000000000004}"
EndProject
Project("{2150E333-8FDC-42A3-9474-1A3956D46DE8}") = "NotificationService", "NotificationService", "{11111111-0000-0000-0000-000000000006}"
EndProject
Project("{2150E333-8FDC-42A3-9474-1A3956D46DE8}") = "AsyncGateway", "AsyncGateway", "{11111111-0000-0000-0000-000000000008}"
EndProject
Project("{2150E333-8FDC-42A3-9474-1A3956D46DE8}") = "DataMatchingService", "DataMatchingService", "{11111111-0000-0000-0000-000000000009}"
EndProject
Project("{FAE04EC0-301F-11D3-BF4B-00C04F79EFBC}") = "DataMatchingService.Domain", "src\Services\DataMatchingService\DataMatchingService.Domain\DataMatchingService.Domain.csproj", "{AA000000-0000-0000-0000-000000000001}"
EndProject
Project("{FAE04EC0-301F-11D3-BF4B-00C04F79EFBC}") = "DataMatchingService.Application", "src\Services\DataMatchingService\DataMatchingService.Application\DataMatchingService.Application.csproj", "{AA000000-0000-0000-0000-000000000002}"
EndProject
Project("{FAE04EC0-301F-11D3-BF4B-00C04F79EFBC}") = "DataMatchingService.Infrastructure", "src\Services\DataMatchingService\DataMatchingService.Infrastructure\DataMatchingService.Infrastructure.csproj", "{AA000000-0000-0000-0000-000000000003}"
EndProject
Project("{FAE04EC0-301F-11D3-BF4B-00C04F79EFBC}") = "DataMatchingService.API", "src\Services\DataMatchingService\DataMatchingService.API\DataMatchingService.API.csproj", "{AA000000-0000-0000-0000-000000000004}"
EndProject
Project("{FAE04EC0-301F-11D3-BF4B-00C04F79EFBC}") = "AsyncGateway.API", "src\ApiGateway\AsyncGateway.API.csproj", "{E0000000-0000-0000-0000-000000000001}"
EndProject
Project("{FAE04EC0-301F-11D3-BF4B-00C04F79EFBC}") = "SharedKernel", "src\BuildingBlocks\SharedKernel\SharedKernel.csproj", "{A0000000-0000-0000-0000-000000000001}"
EndProject
Project("{FAE04EC0-301F-11D3-BF4B-00C04F79EFBC}") = "Contracts", "src\BuildingBlocks\Contracts\Contracts.csproj", "{A0000000-0000-0000-0000-000000000002}"
EndProject
Project("{FAE04EC0-301F-11D3-BF4B-00C04F79EFBC}") = "Common", "src\BuildingBlocks\Common\Common.csproj", "{A0000000-0000-0000-0000-000000000003}"
EndProject
Project("{FAE04EC0-301F-11D3-BF4B-00C04F79EFBC}") = "AuthService.Domain", "src\Services\AuthService\AuthService.Domain\AuthService.Domain.csproj", "{B0000000-0000-0000-0000-000000000001}"
EndProject
Project("{FAE04EC0-301F-11D3-BF4B-00C04F79EFBC}") = "AuthService.Application", "src\Services\AuthService\AuthService.Application\AuthService.Application.csproj", "{B0000000-0000-0000-0000-000000000002}"
EndProject
Project("{FAE04EC0-301F-11D3-BF4B-00C04F79EFBC}") = "AuthService.Infrastructure", "src\Services\AuthService\AuthService.Infrastructure\AuthService.Infrastructure.csproj", "{B0000000-0000-0000-0000-000000000003}"
EndProject
Project("{FAE04EC0-301F-11D3-BF4B-00C04F79EFBC}") = "AuthService.API", "src\Services\AuthService\AuthService.API\AuthService.API.csproj", "{B0000000-0000-0000-0000-000000000004}"
EndProject
Project("{FAE04EC0-301F-11D3-BF4B-00C04F79EFBC}") = "NotificationService.Domain", "src\Services\NotificationService\NotificationService.Domain\NotificationService.Domain.csproj", "{D0000000-0000-0000-0000-000000000001}"
EndProject
Project("{FAE04EC0-301F-11D3-BF4B-00C04F79EFBC}") = "NotificationService.Application", "src\Services\NotificationService\NotificationService.Application\NotificationService.Application.csproj", "{D0000000-0000-0000-0000-000000000002}"
EndProject
Project("{FAE04EC0-301F-11D3-BF4B-00C04F79EFBC}") = "NotificationService.Infrastructure", "src\Services\NotificationService\NotificationService.Infrastructure\NotificationService.Infrastructure.csproj", "{D0000000-0000-0000-0000-000000000003}"
EndProject
Project("{FAE04EC0-301F-11D3-BF4B-00C04F79EFBC}") = "NotificationService.API", "src\Services\NotificationService\NotificationService.API\NotificationService.API.csproj", "{D0000000-0000-0000-0000-000000000004}"
EndProject
Project("{2150E333-8FDC-42A3-9474-1A3956D46DE8}") = "tests", "tests", "{0AB3BF05-4346-4AA6-1389-037BE0695223}"
EndProject
Project("{FAE04EC0-301F-11D3-BF4B-00C04F79EFBC}") = "Hdos.BuildingBlocks.Tests", "tests\Hdos.BuildingBlocks.Tests\Hdos.BuildingBlocks.Tests.csproj", "{215E1592-B223-4073-9F1C-445CACCCAA51}"
EndProject
Project("{FAE04EC0-301F-11D3-BF4B-00C04F79EFBC}") = "Hdos.AuthService.Tests", "tests\Hdos.AuthService.Tests\Hdos.AuthService.Tests.csproj", "{FF56A775-6A70-4BC5-96A3-691387017B23}"
EndProject
Project("{FAE04EC0-301F-11D3-BF4B-00C04F79EFBC}") = "Hdos.NotificationService.Tests", "tests\Hdos.NotificationService.Tests\Hdos.NotificationService.Tests.csproj", "{B453F606-0916-4406-8BDD-3A32FABE27F2}"
EndProject
Project("{2150E333-8FDC-42A3-9474-1A3956D46DE8}") = "DynamicFormService", "DynamicFormService", "{A0007690-4FE9-A0B9-E62D-35AB3C02051E}"
EndProject
Project("{FAE04EC0-301F-11D3-BF4B-00C04F79EFBC}") = "DynamicFormService.Domain", "src\Services\DynamicFormService\DynamicFormService.Domain\DynamicFormService.Domain.csproj", "{391DB1A0-605D-4DE5-8CBD-D142075397AF}"
EndProject
Project("{FAE04EC0-301F-11D3-BF4B-00C04F79EFBC}") = "DynamicFormService.Application", "src\Services\DynamicFormService\DynamicFormService.Application\DynamicFormService.Application.csproj", "{9ED6A430-B62C-483A-A17D-BC8EBCFBF72B}"
EndProject
Project("{FAE04EC0-301F-11D3-BF4B-00C04F79EFBC}") = "DynamicFormService.Infrastructure", "src\Services\DynamicFormService\DynamicFormService.Infrastructure\DynamicFormService.Infrastructure.csproj", "{F17A815D-BCE0-42B7-968A-5FF0E2B13634}"
EndProject
Project("{FAE04EC0-301F-11D3-BF4B-00C04F79EFBC}") = "DynamicFormService.API", "src\Services\DynamicFormService\DynamicFormService.API\DynamicFormService.API.csproj", "{81EE1F94-EFE3-4FD2-A95C-33B1E162D6AE}"
EndProject
Project("{2150E333-8FDC-42A3-9474-1A3956D46DE8}") = "LakehouseService", "LakehouseService", "{29E8670A-1DF4-826C-8472-EBE24AA85FE4}"
EndProject
Project("{FAE04EC0-301F-11D3-BF4B-00C04F79EFBC}") = "LakehouseService.Domain", "src\Services\LakehouseService\LakehouseService.Domain\LakehouseService.Domain.csproj", "{F0D91683-46B1-4915-8084-1184FB3E4380}"
EndProject
Project("{FAE04EC0-301F-11D3-BF4B-00C04F79EFBC}") = "LakehouseService.Application", "src\Services\LakehouseService\LakehouseService.Application\LakehouseService.Application.csproj", "{05262BDC-42E2-4EFB-BD99-8B9D63D9E1DF}"
EndProject
Project("{FAE04EC0-301F-11D3-BF4B-00C04F79EFBC}") = "LakehouseService.Infrastructure", "src\Services\LakehouseService\LakehouseService.Infrastructure\LakehouseService.Infrastructure.csproj", "{16CA1071-42E7-468D-98AA-9A2D0CA2EBC3}"
EndProject
Project("{FAE04EC0-301F-11D3-BF4B-00C04F79EFBC}") = "LakehouseService.API", "src\Services\LakehouseService\LakehouseService.API\LakehouseService.API.csproj", "{E83415FA-3A39-4992-AF46-2BDD5AFF59AE}"
EndProject
Project("{FAE04EC0-301F-11D3-BF4B-00C04F79EFBC}") = "Hdos.DynamicFormService.Tests", "tests\Hdos.DynamicFormService.Tests\Hdos.DynamicFormService.Tests.csproj", "{51BA67AB-F5FB-4019-8480-E5746AE52E7F}"
EndProject
Global
	GlobalSection(SolutionConfigurationPlatforms) = preSolution
		Debug|Any CPU = Debug|Any CPU
		Debug|x64 = Debug|x64
		Debug|x86 = Debug|x86
		Release|Any CPU = Release|Any CPU
		Release|x64 = Release|x64
		Release|x86 = Release|x86
	EndGlobalSection
	GlobalSection(ProjectConfigurationPlatforms) = postSolution
		{AA000000-0000-0000-0000-000000000001}.Debug|Any CPU.ActiveCfg = Debug|Any CPU
		{AA000000-0000-0000-0000-000000000001}.Debug|Any CPU.Build.0 = Debug|Any CPU
		{AA000000-0000-0000-0000-000000000001}.Debug|x64.ActiveCfg = Debug|Any CPU
		{AA000000-0000-0000-0000-000000000001}.Debug|x64.Build.0 = Debug|Any CPU
		{AA000000-0000-0000-0000-000000000001}.Debug|x86.ActiveCfg = Debug|Any CPU
		{AA000000-0000-0000-0000-000000000001}.Debug|x86.Build.0 = Debug|Any CPU
		{AA000000-0000-0000-0000-000000000001}.Release|Any CPU.ActiveCfg = Release|Any CPU
		{AA000000-0000-0000-0000-000000000001}.Release|Any CPU.Build.0 = Release|Any CPU
		{AA000000-0000-0000-0000-000000000001}.Release|x64.ActiveCfg = Release|Any CPU
		{AA000000-0000-0000-0000-000000000001}.Release|x64.Build.0 = Release|Any CPU
		{AA000000-0000-0000-0000-000000000001}.Release|x86.ActiveCfg = Release|Any CPU
		{AA000000-0000-0000-0000-000000000001}.Release|x86.Build.0 = Release|Any CPU
		{AA000000-0000-0000-0000-000000000002}.Debug|Any CPU.ActiveCfg = Debug|Any CPU
		{AA000000-0000-0000-0000-000000000002}.Debug|Any CPU.Build.0 = Debug|Any CPU
		{AA000000-0000-0000-0000-000000000002}.Debug|x64.ActiveCfg = Debug|Any CPU
		{AA000000-0000-0000-0000-000000000002}.Debug|x64.Build.0 = Debug|Any CPU
		{AA000000-0000-0000-0000-000000000002}.Debug|x86.ActiveCfg = Debug|Any CPU
		{AA000000-0000-0000-0000-000000000002}.Debug|x86.Build.0 = Debug|Any CPU
		{AA000000-0000-0000-0000-000000000002}.Release|Any CPU.ActiveCfg = Release|Any CPU
		{AA000000-0000-0000-0000-000000000002}.Release|Any CPU.Build.0 = Release|Any CPU
		{AA000000-0000-0000-0000-000000000002}.Release|x64.ActiveCfg = Release|Any CPU
		{AA000000-0000-0000-0000-000000000002}.Release|x64.Build.0 = Release|Any CPU
		{AA000000-0000-0000-0000-000000000002}.Release|x86.ActiveCfg = Release|Any CPU
		{AA000000-0000-0000-0000-000000000002}.Release|x86.Build.0 = Release|Any CPU
		{AA000000-0000-0000-0000-000000000003}.Debug|Any CPU.ActiveCfg = Debug|Any CPU
		{AA000000-0000-0000-0000-000000000003}.Debug|Any CPU.Build.0 = Debug|Any CPU
		{AA000000-0000-0000-0000-000000000003}.Debug|x64.ActiveCfg = Debug|Any CPU
		{AA000000-0000-0000-0000-000000000003}.Debug|x64.Build.0 = Debug|Any CPU
		{AA000000-0000-0000-0000-000000000003}.Debug|x86.ActiveCfg = Debug|Any CPU
		{AA000000-0000-0000-0000-000000000003}.Debug|x86.Build.0 = Debug|Any CPU
		{AA000000-0000-0000-0000-000000000003}.Release|Any CPU.ActiveCfg = Release|Any CPU
		{AA000000-0000-0000-0000-000000000003}.Release|Any CPU.Build.0 = Release|Any CPU
		{AA000000-0000-0000-0000-000000000003}.Release|x64.ActiveCfg = Release|Any CPU
		{AA000000-0000-0000-0000-000000000003}.Release|x64.Build.0 = Release|Any CPU
		{AA000000-0000-0000-0000-000000000003}.Release|x86.ActiveCfg = Release|Any CPU
		{AA000000-0000-0000-0000-000000000003}.Release|x86.Build.0 = Release|Any CPU
		{AA000000-0000-0000-0000-000000000004}.Debug|Any CPU.ActiveCfg = Debug|Any CPU
		{AA000000-0000-0000-0000-000000000004}.Debug|Any CPU.Build.0 = Debug|Any CPU
		{AA000000-0000-0000-0000-000000000004}.Debug|x64.ActiveCfg = Debug|Any CPU
		{AA000000-0000-0000-0000-000000000004}.Debug|x64.Build.0 = Debug|Any CPU
		{AA000000-0000-0000-0000-000000000004}.Debug|x86.ActiveCfg = Debug|Any CPU
		{AA000000-0000-0000-0000-000000000004}.Debug|x86.Build.0 = Debug|Any CPU
		{AA000000-0000-0000-0000-000000000004}.Release|Any CPU.ActiveCfg = Release|Any CPU
		{AA000000-0000-0000-0000-000000000004}.Release|Any CPU.Build.0 = Release|Any CPU
		{AA000000-0000-0000-0000-000000000004}.Release|x64.ActiveCfg = Release|Any CPU
		{AA000000-0000-0000-0000-000000000004}.Release|x64.Build.0 = Release|Any CPU
		{AA000000-0000-0000-0000-000000000004}.Release|x86.ActiveCfg = Release|Any CPU
		{AA000000-0000-0000-0000-000000000004}.Release|x86.Build.0 = Release|Any CPU
		{E0000000-0000-0000-0000-000000000001}.Debug|Any CPU.ActiveCfg = Debug|Any CPU
		{E0000000-0000-0000-0000-000000000001}.Debug|Any CPU.Build.0 = Debug|Any CPU
		{E0000000-0000-0000-0000-000000000001}.Debug|x64.ActiveCfg = Debug|Any CPU
		{E0000000-0000-0000-0000-000000000001}.Debug|x64.Build.0 = Debug|Any CPU
		{E0000000-0000-0000-0000-000000000001}.Debug|x86.ActiveCfg = Debug|Any CPU
		{E0000000-0000-0000-0000-000000000001}.Debug|x86.Build.0 = Debug|Any CPU
		{E0000000-0000-0000-0000-000000000001}.Release|Any CPU.ActiveCfg = Release|Any CPU
		{E0000000-0000-0000-0000-000000000001}.Release|Any CPU.Build.0 = Release|Any CPU
		{E0000000-0000-0000-0000-000000000001}.Release|x64.ActiveCfg = Release|Any CPU
		{E0000000-0000-0000-0000-000000000001}.Release|x64.Build.0 = Release|Any CPU
		{E0000000-0000-0000-0000-000000000001}.Release|x86.ActiveCfg = Release|Any CPU
		{E0000000-0000-0000-0000-000000000001}.Release|x86.Build.0 = Release|Any CPU
		{A0000000-0000-0000-0000-000000000001}.Debug|Any CPU.ActiveCfg = Debug|Any CPU
		{A0000000-0000-0000-0000-000000000001}.Debug|Any CPU.Build.0 = Debug|Any CPU
		{A0000000-0000-0000-0000-000000000001}.Debug|x64.ActiveCfg = Debug|Any CPU
		{A0000000-0000-0000-0000-000000000001}.Debug|x64.Build.0 = Debug|Any CPU
		{A0000000-0000-0000-0000-000000000001}.Debug|x86.ActiveCfg = Debug|Any CPU
		{A0000000-0000-0000-0000-000000000001}.Debug|x86.Build.0 = Debug|Any CPU
		{A0000000-0000-0000-0000-000000000001}.Release|Any CPU.ActiveCfg = Release|Any CPU
		{A0000000-0000-0000-0000-000000000001}.Release|Any CPU.Build.0 = Release|Any CPU
		{A0000000-0000-0000-0000-000000000001}.Release|x64.ActiveCfg = Release|Any CPU
		{A0000000-0000-0000-0000-000000000001}.Release|x64.Build.0 = Release|Any CPU
		{A0000000-0000-0000-0000-000000000001}.Release|x86.ActiveCfg = Release|Any CPU
		{A0000000-0000-0000-0000-000000000001}.Release|x86.Build.0 = Release|Any CPU
		{A0000000-0000-0000-0000-000000000002}.Debug|Any CPU.ActiveCfg = Debug|Any CPU
		{A0000000-0000-0000-0000-000000000002}.Debug|Any CPU.Build.0 = Debug|Any CPU
		{A0000000-0000-0000-0000-000000000002}.Debug|x64.ActiveCfg = Debug|Any CPU
		{A0000000-0000-0000-0000-000000000002}.Debug|x64.Build.0 = Debug|Any CPU
		{A0000000-0000-0000-0000-000000000002}.Debug|x86.ActiveCfg = Debug|Any CPU
		{A0000000-0000-0000-0000-000000000002}.Debug|x86.Build.0 = Debug|Any CPU
		{A0000000-0000-0000-0000-000000000002}.Release|Any CPU.ActiveCfg = Release|Any CPU
		{A0000000-0000-0000-0000-000000000002}.Release|Any CPU.Build.0 = Release|Any CPU
		{A0000000-0000-0000-0000-000000000002}.Release|x64.ActiveCfg = Release|Any CPU
		{A0000000-0000-0000-0000-000000000002}.Release|x64.Build.0 = Release|Any CPU
		{A0000000-0000-0000-0000-000000000002}.Release|x86.ActiveCfg = Release|Any CPU
		{A0000000-0000-0000-0000-000000000002}.Release|x86.Build.0 = Release|Any CPU
		{A0000000-0000-0000-0000-000000000003}.Debug|Any CPU.ActiveCfg = Debug|Any CPU
		{A0000000-0000-0000-0000-000000000003}.Debug|Any CPU.Build.0 = Debug|Any CPU
		{A0000000-0000-0000-0000-000000000003}.Debug|x64.ActiveCfg = Debug|Any CPU
		{A0000000-0000-0000-0000-000000000003}.Debug|x64.Build.0 = Debug|Any CPU
		{A0000000-0000-0000-0000-000000000003}.Debug|x86.ActiveCfg = Debug|Any CPU
		{A0000000-0000-0000-0000-000000000003}.Debug|x86.Build.0 = Debug|Any CPU
		{A0000000-0000-0000-0000-000000000003}.Release|Any CPU.ActiveCfg = Release|Any CPU
		{A0000000-0000-0000-0000-000000000003}.Release|Any CPU.Build.0 = Release|Any CPU
		{A0000000-0000-0000-0000-000000000003}.Release|x64.ActiveCfg = Release|Any CPU
		{A0000000-0000-0000-0000-000000000003}.Release|x64.Build.0 = Release|Any CPU
		{A0000000-0000-0000-0000-000000000003}.Release|x86.ActiveCfg = Release|Any CPU
		{A0000000-0000-0000-0000-000000000003}.Release|x86.Build.0 = Release|Any CPU
		{B0000000-0000-0000-0000-000000000001}.Debug|Any CPU.ActiveCfg = Debug|Any CPU
		{B0000000-0000-0000-0000-000000000001}.Debug|Any CPU.Build.0 = Debug|Any CPU
		{B0000000-0000-0000-0000-000000000001}.Debug|x64.ActiveCfg = Debug|Any CPU
		{B0000000-0000-0000-0000-000000000001}.Debug|x64.Build.0 = Debug|Any CPU
		{B0000000-0000-0000-0000-000000000001}.Debug|x86.ActiveCfg = Debug|Any CPU
		{B0000000-0000-0000-0000-000000000001}.Debug|x86.Build.0 = Debug|Any CPU
		{B0000000-0000-0000-0000-000000000001}.Release|Any CPU.ActiveCfg = Release|Any CPU
		{B0000000-0000-0000-0000-000000000001}.Release|Any CPU.Build.0 = Release|Any CPU
		{B0000000-0000-0000-0000-000000000001}.Release|x64.ActiveCfg = Release|Any CPU
		{B0000000-0000-0000-0000-000000000001}.Release|x64.Build.0 = Release|Any CPU
		{B0000000-0000-0000-0000-000000000001}.Release|x86.ActiveCfg = Release|Any CPU
		{B0000000-0000-0000-0000-000000000001}.Release|x86.Build.0 = Release|Any CPU
		{B0000000-0000-0000-0000-000000000002}.Debug|Any CPU.ActiveCfg = Debug|Any CPU
		{B0000000-0000-0000-0000-000000000002}.Debug|Any CPU.Build.0 = Debug|Any CPU
		{B0000000-0000-0000-0000-000000000002}.Debug|x64.ActiveCfg = Debug|Any CPU
		{B0000000-0000-0000-0000-000000000002}.Debug|x64.Build.0 = Debug|Any CPU
		{B0000000-0000-0000-0000-000000000002}.Debug|x86.ActiveCfg = Debug|Any CPU
		{B0000000-0000-0000-0000-000000000002}.Debug|x86.Build.0 = Debug|Any CPU
		{B0000000-0000-0000-0000-000000000002}.Release|Any CPU.ActiveCfg = Release|Any CPU
		{B0000000-0000-0000-0000-000000000002}.Release|Any CPU.Build.0 = Release|Any CPU
		{B0000000-0000-0000-0000-000000000002}.Release|x64.ActiveCfg = Release|Any CPU
		{B0000000-0000-0000-0000-000000000002}.Release|x64.Build.0 = Release|Any CPU
		{B0000000-0000-0000-0000-000000000002}.Release|x86.ActiveCfg = Release|Any CPU
		{B0000000-0000-0000-0000-000000000002}.Release|x86.Build.0 = Release|Any CPU
		{B0000000-0000-0000-0000-000000000003}.Debug|Any CPU.ActiveCfg = Debug|Any CPU
		{B0000000-0000-0000-0000-000000000003}.Debug|Any CPU.Build.0 = Debug|Any CPU
		{B0000000-0000-0000-0000-000000000003}.Debug|x64.ActiveCfg = Debug|Any CPU
		{B0000000-0000-0000-0000-000000000003}.Debug|x64.Build.0 = Debug|Any CPU
		{B0000000-0000-0000-0000-000000000003}.Debug|x86.ActiveCfg = Debug|Any CPU
		{B0000000-0000-0000-0000-000000000003}.Debug|x86.Build.0 = Debug|Any CPU
		{B0000000-0000-0000-0000-000000000003}.Release|Any CPU.ActiveCfg = Release|Any CPU
		{B0000000-0000-0000-0000-000000000003}.Release|Any CPU.Build.0 = Release|Any CPU
		{B0000000-0000-0000-0000-000000000003}.Release|x64.ActiveCfg = Release|Any CPU
		{B0000000-0000-0000-0000-000000000003}.Release|x64.Build.0 = Release|Any CPU
		{B0000000-0000-0000-0000-000000000003}.Release|x86.ActiveCfg = Release|Any CPU
		{B0000000-0000-0000-0000-000000000003}.Release|x86.Build.0 = Release|Any CPU
		{B0000000-0000-0000-0000-000000000004}.Debug|Any CPU.ActiveCfg = Debug|Any CPU
		{B0000000-0000-0000-0000-000000000004}.Debug|Any CPU.Build.0 = Debug|Any CPU
		{B0000000-0000-0000-0000-000000000004}.Debug|x64.ActiveCfg = Debug|Any CPU
		{B0000000-0000-0000-0000-000000000004}.Debug|x64.Build.0 = Debug|Any CPU
		{B0000000-0000-0000-0000-000000000004}.Debug|x86.ActiveCfg = Debug|Any CPU
		{B0000000-0000-0000-0000-000000000004}.Debug|x86.Build.0 = Debug|Any CPU
		{B0000000-0000-0000-0000-000000000004}.Release|Any CPU.ActiveCfg = Release|Any CPU
		{B0000000-0000-0000-0000-000000000004}.Release|Any CPU.Build.0 = Release|Any CPU
		{B0000000-0000-0000-0000-000000000004}.Release|x64.ActiveCfg = Release|Any CPU
		{B0000000-0000-0000-0000-000000000004}.Release|x64.Build.0 = Release|Any CPU
		{B0000000-0000-0000-0000-000000000004}.Release|x86.ActiveCfg = Release|Any CPU
		{B0000000-0000-0000-0000-000000000004}.Release|x86.Build.0 = Release|Any CPU
		{D0000000-0000-0000-0000-000000000001}.Debug|Any CPU.ActiveCfg = Debug|Any CPU
		{D0000000-0000-0000-0000-000000000001}.Debug|Any CPU.Build.0 = Debug|Any CPU
		{D0000000-0000-0000-0000-000000000001}.Debug|x64.ActiveCfg = Debug|Any CPU
		{D0000000-0000-0000-0000-000000000001}.Debug|x64.Build.0 = Debug|Any CPU
		{D0000000-0000-0000-0000-000000000001}.Debug|x86.ActiveCfg = Debug|Any CPU
		{D0000000-0000-0000-0000-000000000001}.Debug|x86.Build.0 = Debug|Any CPU
		{D0000000-0000-0000-0000-000000000001}.Release|Any CPU.ActiveCfg = Release|Any CPU
		{D0000000-0000-0000-0000-000000000001}.Release|Any CPU.Build.0 = Release|Any CPU
		{D0000000-0000-0000-0000-000000000001}.Release|x64.ActiveCfg = Release|Any CPU
		{D0000000-0000-0000-0000-000000000001}.Release|x64.Build.0 = Release|Any CPU
		{D0000000-0000-0000-0000-000000000001}.Release|x86.ActiveCfg = Release|Any CPU
		{D0000000-0000-0000-0000-000000000001}.Release|x86.Build.0 = Release|Any CPU
		{D0000000-0000-0000-0000-000000000002}.Debug|Any CPU.ActiveCfg = Debug|Any CPU
		{D0000000-0000-0000-0000-000000000002}.Debug|Any CPU.Build.0 = Debug|Any CPU
		{D0000000-0000-0000-0000-000000000002}.Debug|x64.ActiveCfg = Debug|Any CPU
		{D0000000-0000-0000-0000-000000000002}.Debug|x64.Build.0 = Debug|Any CPU
		{D0000000-0000-0000-0000-000000000002}.Debug|x86.ActiveCfg = Debug|Any CPU
		{D0000000-0000-0000-0000-000000000002}.Debug|x86.Build.0 = Debug|Any CPU
		{D0000000-0000-0000-0000-000000000002}.Release|Any CPU.ActiveCfg = Release|Any CPU
		{D0000000-0000-0000-0000-000000000002}.Release|Any CPU.Build.0 = Release|Any CPU
		{D0000000-0000-0000-0000-000000000002}.Release|x64.ActiveCfg = Release|Any CPU
		{D0000000-0000-0000-0000-000000000002}.Release|x64.Build.0 = Release|Any CPU
		{D0000000-0000-0000-0000-000000000002}.Release|x86.ActiveCfg = Release|Any CPU
		{D0000000-0000-0000-0000-000000000002}.Release|x86.Build.0 = Release|Any CPU
		{D0000000-0000-0000-0000-000000000003}.Debug|Any CPU.ActiveCfg = Debug|Any CPU
		{D0000000-0000-0000-0000-000000000003}.Debug|Any CPU.Build.0 = Debug|Any CPU
		{D0000000-0000-0000-0000-000000000003}.Debug|x64.ActiveCfg = Debug|Any CPU
		{D0000000-0000-0000-0000-000000000003}.Debug|x64.Build.0 = Debug|Any CPU
		{D0000000-0000-0000-0000-000000000003}.Debug|x86.ActiveCfg = Debug|Any CPU
		{D0000000-0000-0000-0000-000000000003}.Debug|x86.Build.0 = Debug|Any CPU
		{D0000000-0000-0000-0000-000000000003}.Release|Any CPU.ActiveCfg = Release|Any CPU
		{D0000000-0000-0000-0000-000000000003}.Release|Any CPU.Build.0 = Release|Any CPU
		{D0000000-0000-0000-0000-000000000003}.Release|x64.ActiveCfg = Release|Any CPU
		{D0000000-0000-0000-0000-000000000003}.Release|x64.Build.0 = Release|Any CPU
		{D0000000-0000-0000-0000-000000000003}.Release|x86.ActiveCfg = Release|Any CPU
		{D0000000-0000-0000-0000-000000000003}.Release|x86.Build.0 = Release|Any CPU
		{D0000000-0000-0000-0000-000000000004}.Debug|Any CPU.ActiveCfg = Debug|Any CPU
		{D0000000-0000-0000-0000-000000000004}.Debug|Any CPU.Build.0 = Debug|Any CPU
		{D0000000-0000-0000-0000-000000000004}.Debug|x64.ActiveCfg = Debug|Any CPU
		{D0000000-0000-0000-0000-000000000004}.Debug|x64.Build.0 = Debug|Any CPU
		{D0000000-0000-0000-0000-000000000004}.Debug|x86.ActiveCfg = Debug|Any CPU
		{D0000000-0000-0000-0000-000000000004}.Debug|x86.Build.0 = Debug|Any CPU
		{D0000000-0000-0000-0000-000000000004}.Release|Any CPU.ActiveCfg = Release|Any CPU
		{D0000000-0000-0000-0000-000000000004}.Release|Any CPU.Build.0 = Release|Any CPU
		{D0000000-0000-0000-0000-000000000004}.Release|x64.ActiveCfg = Release|Any CPU
		{D0000000-0000-0000-0000-000000000004}.Release|x64.Build.0 = Release|Any CPU
		{D0000000-0000-0000-0000-000000000004}.Release|x86.ActiveCfg = Release|Any CPU
		{D0000000-0000-0000-0000-000000000004}.Release|x86.Build.0 = Release|Any CPU
		{215E1592-B223-4073-9F1C-445CACCCAA51}.Debug|Any CPU.ActiveCfg = Debug|Any CPU
		{215E1592-B223-4073-9F1C-445CACCCAA51}.Debug|Any CPU.Build.0 = Debug|Any CPU
		{215E1592-B223-4073-9F1C-445CACCCAA51}.Debug|x64.ActiveCfg = Debug|Any CPU
		{215E1592-B223-4073-9F1C-445CACCCAA51}.Debug|x64.Build.0 = Debug|Any CPU
		{215E1592-B223-4073-9F1C-445CACCCAA51}.Debug|x86.ActiveCfg = Debug|Any CPU
		{215E1592-B223-4073-9F1C-445CACCCAA51}.Debug|x86.Build.0 = Debug|Any CPU
		{215E1592-B223-4073-9F1C-445CACCCAA51}.Release|Any CPU.ActiveCfg = Release|Any CPU
		{215E1592-B223-4073-9F1C-445CACCCAA51}.Release|Any CPU.Build.0 = Release|Any CPU
		{215E1592-B223-4073-9F1C-445CACCCAA51}.Release|x64.ActiveCfg = Release|Any CPU
		{215E1592-B223-4073-9F1C-445CACCCAA51}.Release|x64.Build.0 = Release|Any CPU
		{215E1592-B223-4073-9F1C-445CACCCAA51}.Release|x86.ActiveCfg = Release|Any CPU
		{215E1592-B223-4073-9F1C-445CACCCAA51}.Release|x86.Build.0 = Release|Any CPU
		{FF56A775-6A70-4BC5-96A3-691387017B23}.Debug|Any CPU.ActiveCfg = Debug|Any CPU
		{FF56A775-6A70-4BC5-96A3-691387017B23}.Debug|Any CPU.Build.0 = Debug|Any CPU
		{FF56A775-6A70-4BC5-96A3-691387017B23}.Debug|x64.ActiveCfg = Debug|Any CPU
		{FF56A775-6A70-4BC5-96A3-691387017B23}.Debug|x64.Build.0 = Debug|Any CPU
		{FF56A775-6A70-4BC5-96A3-691387017B23}.Debug|x86.ActiveCfg = Debug|Any CPU
		{FF56A775-6A70-4BC5-96A3-691387017B23}.Debug|x86.Build.0 = Debug|Any CPU
		{FF56A775-6A70-4BC5-96A3-691387017B23}.Release|Any CPU.ActiveCfg = Release|Any CPU
		{FF56A775-6A70-4BC5-96A3-691387017B23}.Release|Any CPU.Build.0 = Release|Any CPU
		{FF56A775-6A70-4BC5-96A3-691387017B23}.Release|x64.ActiveCfg = Release|Any CPU
		{FF56A775-6A70-4BC5-96A3-691387017B23}.Release|x64.Build.0 = Release|Any CPU
		{FF56A775-6A70-4BC5-96A3-691387017B23}.Release|x86.ActiveCfg = Release|Any CPU
		{FF56A775-6A70-4BC5-96A3-691387017B23}.Release|x86.Build.0 = Release|Any CPU
		{B453F606-0916-4406-8BDD-3A32FABE27F2}.Debug|Any CPU.ActiveCfg = Debug|Any CPU
		{B453F606-0916-4406-8BDD-3A32FABE27F2}.Debug|Any CPU.Build.0 = Debug|Any CPU
		{B453F606-0916-4406-8BDD-3A32FABE27F2}.Debug|x64.ActiveCfg = Debug|Any CPU
		{B453F606-0916-4406-8BDD-3A32FABE27F2}.Debug|x64.Build.0 = Debug|Any CPU
		{B453F606-0916-4406-8BDD-3A32FABE27F2}.Debug|x86.ActiveCfg = Debug|Any CPU
		{B453F606-0916-4406-8BDD-3A32FABE27F2}.Debug|x86.Build.0 = Debug|Any CPU
		{B453F606-0916-4406-8BDD-3A32FABE27F2}.Release|Any CPU.ActiveCfg = Release|Any CPU
		{B453F606-0916-4406-8BDD-3A32FABE27F2}.Release|Any CPU.Build.0 = Release|Any CPU
		{B453F606-0916-4406-8BDD-3A32FABE27F2}.Release|x64.ActiveCfg = Release|Any CPU
		{B453F606-0916-4406-8BDD-3A32FABE27F2}.Release|x64.Build.0 = Release|Any CPU
		{B453F606-0916-4406-8BDD-3A32FABE27F2}.Release|x86.ActiveCfg = Release|Any CPU
		{B453F606-0916-4406-8BDD-3A32FABE27F2}.Release|x86.Build.0 = Release|Any CPU
		{391DB1A0-605D-4DE5-8CBD-D142075397AF}.Debug|Any CPU.ActiveCfg = Debug|Any CPU
		{391DB1A0-605D-4DE5-8CBD-D142075397AF}.Debug|Any CPU.Build.0 = Debug|Any CPU
		{391DB1A0-605D-4DE5-8CBD-D142075397AF}.Debug|x64.ActiveCfg = Debug|Any CPU
		{391DB1A0-605D-4DE5-8CBD-D142075397AF}.Debug|x64.Build.0 = Debug|Any CPU
		{391DB1A0-605D-4DE5-8CBD-D142075397AF}.Debug|x86.ActiveCfg = Debug|Any CPU
		{391DB1A0-605D-4DE5-8CBD-D142075397AF}.Debug|x86.Build.0 = Debug|Any CPU
		{391DB1A0-605D-4DE5-8CBD-D142075397AF}.Release|Any CPU.ActiveCfg = Release|Any CPU
		{391DB1A0-605D-4DE5-8CBD-D142075397AF}.Release|Any CPU.Build.0 = Release|Any CPU
		{391DB1A0-605D-4DE5-8CBD-D142075397AF}.Release|x64.ActiveCfg = Release|Any CPU
		{391DB1A0-605D-4DE5-8CBD-D142075397AF}.Release|x64.Build.0 = Release|Any CPU
		{391DB1A0-605D-4DE5-8CBD-D142075397AF}.Release|x86.ActiveCfg = Release|Any CPU
		{391DB1A0-605D-4DE5-8CBD-D142075397AF}.Release|x86.Build.0 = Release|Any CPU
		{9ED6A430-B62C-483A-A17D-BC8EBCFBF72B}.Debug|Any CPU.ActiveCfg = Debug|Any CPU
		{9ED6A430-B62C-483A-A17D-BC8EBCFBF72B}.Debug|Any CPU.Build.0 = Debug|Any CPU
		{9ED6A430-B62C-483A-A17D-BC8EBCFBF72B}.Debug|x64.ActiveCfg = Debug|Any CPU
		{9ED6A430-B62C-483A-A17D-BC8EBCFBF72B}.Debug|x64.Build.0 = Debug|Any CPU
		{9ED6A430-B62C-483A-A17D-BC8EBCFBF72B}.Debug|x86.ActiveCfg = Debug|Any CPU
		{9ED6A430-B62C-483A-A17D-BC8EBCFBF72B}.Debug|x86.Build.0 = Debug|Any CPU
		{9ED6A430-B62C-483A-A17D-BC8EBCFBF72B}.Release|Any CPU.ActiveCfg = Release|Any CPU
		{9ED6A430-B62C-483A-A17D-BC8EBCFBF72B}.Release|Any CPU.Build.0 = Release|Any CPU
		{9ED6A430-B62C-483A-A17D-BC8EBCFBF72B}.Release|x64.ActiveCfg = Release|Any CPU
		{9ED6A430-B62C-483A-A17D-BC8EBCFBF72B}.Release|x64.Build.0 = Release|Any CPU
		{9ED6A430-B62C-483A-A17D-BC8EBCFBF72B}.Release|x86.ActiveCfg = Release|Any CPU
		{9ED6A430-B62C-483A-A17D-BC8EBCFBF72B}.Release|x86.Build.0 = Release|Any CPU
		{F17A815D-BCE0-42B7-968A-5FF0E2B13634}.Debug|Any CPU.ActiveCfg = Debug|Any CPU
		{F17A815D-BCE0-42B7-968A-5FF0E2B13634}.Debug|Any CPU.Build.0 = Debug|Any CPU
		{F17A815D-BCE0-42B7-968A-5FF0E2B13634}.Debug|x64.ActiveCfg = Debug|Any CPU
		{F17A815D-BCE0-42B7-968A-5FF0E2B13634}.Debug|x64.Build.0 = Debug|Any CPU
		{F17A815D-BCE0-42B7-968A-5FF0E2B13634}.Debug|x86.ActiveCfg = Debug|Any CPU
		{F17A815D-BCE0-42B7-968A-5FF0E2B13634}.Debug|x86.Build.0 = Debug|Any CPU
		{F17A815D-BCE0-42B7-968A-5FF0E2B13634}.Release|Any CPU.ActiveCfg = Release|Any CPU
		{F17A815D-BCE0-42B7-968A-5FF0E2B13634}.Release|Any CPU.Build.0 = Release|Any CPU
		{F17A815D-BCE0-42B7-968A-5FF0E2B13634}.Release|x64.ActiveCfg = Release|Any CPU
		{F17A815D-BCE0-42B7-968A-5FF0E2B13634}.Release|x64.Build.0 = Release|Any CPU
		{F17A815D-BCE0-42B7-968A-5FF0E2B13634}.Release|x86.ActiveCfg = Release|Any CPU
		{F17A815D-BCE0-42B7-968A-5FF0E2B13634}.Release|x86.Build.0 = Release|Any CPU
		{81EE1F94-EFE3-4FD2-A95C-33B1E162D6AE}.Debug|Any CPU.ActiveCfg = Debug|Any CPU
		{81EE1F94-EFE3-4FD2-A95C-33B1E162D6AE}.Debug|Any CPU.Build.0 = Debug|Any CPU
		{81EE1F94-EFE3-4FD2-A95C-33B1E162D6AE}.Debug|x64.ActiveCfg = Debug|Any CPU
		{81EE1F94-EFE3-4FD2-A95C-33B1E162D6AE}.Debug|x64.Build.0 = Debug|Any CPU
		{81EE1F94-EFE3-4FD2-A95C-33B1E162D6AE}.Debug|x86.ActiveCfg = Debug|Any CPU
		{81EE1F94-EFE3-4FD2-A95C-33B1E162D6AE}.Debug|x86.Build.0 = Debug|Any CPU
		{81EE1F94-EFE3-4FD2-A95C-33B1E162D6AE}.Release|Any CPU.ActiveCfg = Release|Any CPU
		{81EE1F94-EFE3-4FD2-A95C-33B1E162D6AE}.Release|Any CPU.Build.0 = Release|Any CPU
		{81EE1F94-EFE3-4FD2-A95C-33B1E162D6AE}.Release|x64.ActiveCfg = Release|Any CPU
		{81EE1F94-EFE3-4FD2-A95C-33B1E162D6AE}.Release|x64.Build.0 = Release|Any CPU
		{81EE1F94-EFE3-4FD2-A95C-33B1E162D6AE}.Release|x86.ActiveCfg = Release|Any CPU
		{81EE1F94-EFE3-4FD2-A95C-33B1E162D6AE}.Release|x86.Build.0 = Release|Any CPU
		{F0D91683-46B1-4915-8084-1184FB3E4380}.Debug|Any CPU.ActiveCfg = Debug|Any CPU
		{F0D91683-46B1-4915-8084-1184FB3E4380}.Debug|Any CPU.Build.0 = Debug|Any CPU
		{F0D91683-46B1-4915-8084-1184FB3E4380}.Debug|x64.ActiveCfg = Debug|Any CPU
		{F0D91683-46B1-4915-8084-1184FB3E4380}.Debug|x64.Build.0 = Debug|Any CPU
		{F0D91683-46B1-4915-8084-1184FB3E4380}.Debug|x86.ActiveCfg = Debug|Any CPU
		{F0D91683-46B1-4915-8084-1184FB3E4380}.Debug|x86.Build.0 = Debug|Any CPU
		{F0D91683-46B1-4915-8084-1184FB3E4380}.Release|Any CPU.ActiveCfg = Release|Any CPU
		{F0D91683-46B1-4915-8084-1184FB3E4380}.Release|Any CPU.Build.0 = Release|Any CPU
		{F0D91683-46B1-4915-8084-1184FB3E4380}.Release|x64.ActiveCfg = Release|Any CPU
		{F0D91683-46B1-4915-8084-1184FB3E4380}.Release|x64.Build.0 = Release|Any CPU
		{F0D91683-46B1-4915-8084-1184FB3E4380}.Release|x86.ActiveCfg = Release|Any CPU
		{F0D91683-46B1-4915-8084-1184FB3E4380}.Release|x86.Build.0 = Release|Any CPU
		{05262BDC-42E2-4EFB-BD99-8B9D63D9E1DF}.Debug|Any CPU.ActiveCfg = Debug|Any CPU
		{05262BDC-42E2-4EFB-BD99-8B9D63D9E1DF}.Debug|Any CPU.Build.0 = Debug|Any CPU
		{05262BDC-42E2-4EFB-BD99-8B9D63D9E1DF}.Debug|x64.ActiveCfg = Debug|Any CPU
		{05262BDC-42E2-4EFB-BD99-8B9D63D9E1DF}.Debug|x64.Build.0 = Debug|Any CPU
		{05262BDC-42E2-4EFB-BD99-8B9D63D9E1DF}.Debug|x86.ActiveCfg = Debug|Any CPU
		{05262BDC-42E2-4EFB-BD99-8B9D63D9E1DF}.Debug|x86.Build.0 = Debug|Any CPU
		{05262BDC-42E2-4EFB-BD99-8B9D63D9E1DF}.Release|Any CPU.ActiveCfg = Release|Any CPU
		{05262BDC-42E2-4EFB-BD99-8B9D63D9E1DF}.Release|Any CPU.Build.0 = Release|Any CPU
		{05262BDC-42E2-4EFB-BD99-8B9D63D9E1DF}.Release|x64.ActiveCfg = Release|Any CPU
		{05262BDC-42E2-4EFB-BD99-8B9D63D9E1DF}.Release|x64.Build.0 = Release|Any CPU
		{05262BDC-42E2-4EFB-BD99-8B9D63D9E1DF}.Release|x86.ActiveCfg = Release|Any CPU
		{05262BDC-42E2-4EFB-BD99-8B9D63D9E1DF}.Release|x86.Build.0 = Release|Any CPU
		{16CA1071-42E7-468D-98AA-9A2D0CA2EBC3}.Debug|Any CPU.ActiveCfg = Debug|Any CPU
		{16CA1071-42E7-468D-98AA-9A2D0CA2EBC3}.Debug|Any CPU.Build.0 = Debug|Any CPU
		{16CA1071-42E7-468D-98AA-9A2D0CA2EBC3}.Debug|x64.ActiveCfg = Debug|Any CPU
		{16CA1071-42E7-468D-98AA-9A2D0CA2EBC3}.Debug|x64.Build.0 = Debug|Any CPU
		{16CA1071-42E7-468D-98AA-9A2D0CA2EBC3}.Debug|x86.ActiveCfg = Debug|Any CPU
		{16CA1071-42E7-468D-98AA-9A2D0CA2EBC3}.Debug|x86.Build.0 = Debug|Any CPU
		{16CA1071-42E7-468D-98AA-9A2D0CA2EBC3}.Release|Any CPU.ActiveCfg = Release|Any CPU
		{16CA1071-42E7-468D-98AA-9A2D0CA2EBC3}.Release|Any CPU.Build.0 = Release|Any CPU
		{16CA1071-42E7-468D-98AA-9A2D0CA2EBC3}.Release|x64.ActiveCfg = Release|Any CPU
		{16CA1071-42E7-468D-98AA-9A2D0CA2EBC3}.Release|x64.Build.0 = Release|Any CPU
		{16CA1071-42E7-468D-98AA-9A2D0CA2EBC3}.Release|x86.ActiveCfg = Release|Any CPU
		{16CA1071-42E7-468D-98AA-9A2D0CA2EBC3}.Release|x86.Build.0 = Release|Any CPU
		{E83415FA-3A39-4992-AF46-2BDD5AFF59AE}.Debug|Any CPU.ActiveCfg = Debug|Any CPU
		{E83415FA-3A39-4992-AF46-2BDD5AFF59AE}.Debug|Any CPU.Build.0 = Debug|Any CPU
		{E83415FA-3A39-4992-AF46-2BDD5AFF59AE}.Debug|x64.ActiveCfg = Debug|Any CPU
		{E83415FA-3A39-4992-AF46-2BDD5AFF59AE}.Debug|x64.Build.0 = Debug|Any CPU
		{E83415FA-3A39-4992-AF46-2BDD5AFF59AE}.Debug|x86.ActiveCfg = Debug|Any CPU
		{E83415FA-3A39-4992-AF46-2BDD5AFF59AE}.Debug|x86.Build.0 = Debug|Any CPU
		{E83415FA-3A39-4992-AF46-2BDD5AFF59AE}.Release|Any CPU.ActiveCfg = Release|Any CPU
		{E83415FA-3A39-4992-AF46-2BDD5AFF59AE}.Release|Any CPU.Build.0 = Release|Any CPU
		{E83415FA-3A39-4992-AF46-2BDD5AFF59AE}.Release|x64.ActiveCfg = Release|Any CPU
		{E83415FA-3A39-4992-AF46-2BDD5AFF59AE}.Release|x64.Build.0 = Release|Any CPU
		{E83415FA-3A39-4992-AF46-2BDD5AFF59AE}.Release|x86.ActiveCfg = Release|Any CPU
		{E83415FA-3A39-4992-AF46-2BDD5AFF59AE}.Release|x86.Build.0 = Release|Any CPU
		{51BA67AB-F5FB-4019-8480-E5746AE52E7F}.Debug|Any CPU.ActiveCfg = Debug|Any CPU
		{51BA67AB-F5FB-4019-8480-E5746AE52E7F}.Debug|Any CPU.Build.0 = Debug|Any CPU
		{51BA67AB-F5FB-4019-8480-E5746AE52E7F}.Debug|x64.ActiveCfg = Debug|Any CPU
		{51BA67AB-F5FB-4019-8480-E5746AE52E7F}.Debug|x64.Build.0 = Debug|Any CPU
		{51BA67AB-F5FB-4019-8480-E5746AE52E7F}.Debug|x86.ActiveCfg = Debug|Any CPU
		{51BA67AB-F5FB-4019-8480-E5746AE52E7F}.Debug|x86.Build.0 = Debug|Any CPU
		{51BA67AB-F5FB-4019-8480-E5746AE52E7F}.Release|Any CPU.ActiveCfg = Release|Any CPU
		{51BA67AB-F5FB-4019-8480-E5746AE52E7F}.Release|Any CPU.Build.0 = Release|Any CPU
		{51BA67AB-F5FB-4019-8480-E5746AE52E7F}.Release|x64.ActiveCfg = Release|Any CPU
		{51BA67AB-F5FB-4019-8480-E5746AE52E7F}.Release|x64.Build.0 = Release|Any CPU
		{51BA67AB-F5FB-4019-8480-E5746AE52E7F}.Release|x86.ActiveCfg = Release|Any CPU
		{51BA67AB-F5FB-4019-8480-E5746AE52E7F}.Release|x86.Build.0 = Release|Any CPU
	EndGlobalSection
	GlobalSection(SolutionProperties) = preSolution
		HideSolutionNode = FALSE
	EndGlobalSection
	GlobalSection(NestedProjects) = preSolution
		{11111111-0000-0000-0000-000000000002} = {11111111-0000-0000-0000-000000000001}
		{11111111-0000-0000-0000-000000000003} = {11111111-0000-0000-0000-000000000001}
		{11111111-0000-0000-0000-000000000004} = {11111111-0000-0000-0000-000000000003}
		{11111111-0000-0000-0000-000000000006} = {11111111-0000-0000-0000-000000000003}
		{11111111-0000-0000-0000-000000000008} = {11111111-0000-0000-0000-000000000003}
		{11111111-0000-0000-0000-000000000009} = {11111111-0000-0000-0000-000000000003}
		{AA000000-0000-0000-0000-000000000001} = {11111111-0000-0000-0000-000000000009}
		{AA000000-0000-0000-0000-000000000002} = {11111111-0000-0000-0000-000000000009}
		{AA000000-0000-0000-0000-000000000003} = {11111111-0000-0000-0000-000000000009}
		{AA000000-0000-0000-0000-000000000004} = {11111111-0000-0000-0000-000000000009}
		{E0000000-0000-0000-0000-000000000001} = {11111111-0000-0000-0000-000000000008}
		{A0000000-0000-0000-0000-000000000001} = {11111111-0000-0000-0000-000000000002}
		{A0000000-0000-0000-0000-000000000002} = {11111111-0000-0000-0000-000000000002}
		{A0000000-0000-0000-0000-000000000003} = {11111111-0000-0000-0000-000000000002}
		{B0000000-0000-0000-0000-000000000001} = {11111111-0000-0000-0000-000000000004}
		{B0000000-0000-0000-0000-000000000002} = {11111111-0000-0000-0000-000000000004}
		{B0000000-0000-0000-0000-000000000003} = {11111111-0000-0000-0000-000000000004}
		{B0000000-0000-0000-0000-000000000004} = {11111111-0000-0000-0000-000000000004}
		{D0000000-0000-0000-0000-000000000001} = {11111111-0000-0000-0000-000000000006}
		{D0000000-0000-0000-0000-000000000002} = {11111111-0000-0000-0000-000000000006}
		{D0000000-0000-0000-0000-000000000003} = {11111111-0000-0000-0000-000000000006}
		{D0000000-0000-0000-0000-000000000004} = {11111111-0000-0000-0000-000000000006}
		{215E1592-B223-4073-9F1C-445CACCCAA51} = {0AB3BF05-4346-4AA6-1389-037BE0695223}
		{FF56A775-6A70-4BC5-96A3-691387017B23} = {0AB3BF05-4346-4AA6-1389-037BE0695223}
		{B453F606-0916-4406-8BDD-3A32FABE27F2} = {0AB3BF05-4346-4AA6-1389-037BE0695223}
		{A0007690-4FE9-A0B9-E62D-35AB3C02051E} = {11111111-0000-0000-0000-000000000003}
		{391DB1A0-605D-4DE5-8CBD-D142075397AF} = {A0007690-4FE9-A0B9-E62D-35AB3C02051E}
		{9ED6A430-B62C-483A-A17D-BC8EBCFBF72B} = {A0007690-4FE9-A0B9-E62D-35AB3C02051E}
		{F17A815D-BCE0-42B7-968A-5FF0E2B13634} = {A0007690-4FE9-A0B9-E62D-35AB3C02051E}
		{81EE1F94-EFE3-4FD2-A95C-33B1E162D6AE} = {A0007690-4FE9-A0B9-E62D-35AB3C02051E}
		{29E8670A-1DF4-826C-8472-EBE24AA85FE4} = {11111111-0000-0000-0000-000000000003}
		{F0D91683-46B1-4915-8084-1184FB3E4380} = {29E8670A-1DF4-826C-8472-EBE24AA85FE4}
		{05262BDC-42E2-4EFB-BD99-8B9D63D9E1DF} = {29E8670A-1DF4-826C-8472-EBE24AA85FE4}
		{16CA1071-42E7-468D-98AA-9A2D0CA2EBC3} = {29E8670A-1DF4-826C-8472-EBE24AA85FE4}
		{E83415FA-3A39-4992-AF46-2BDD5AFF59AE} = {29E8670A-1DF4-826C-8472-EBE24AA85FE4}
		{51BA67AB-F5FB-4019-8480-E5746AE52E7F} = {0AB3BF05-4346-4AA6-1389-037BE0695223}
	EndGlobalSection
EndGlobal
