
Microsoft Visual Studio Solution File, Format Version 12.00
# Visual Studio Version 17
VisualStudioVersion = 17.0.0.0
MinimumVisualStudioVersion = 10.0.40219.1
Project("{2150E333-8FDC-42A3-9474-1A3956D46DE8}") = "src", "src", "{11111111-0000-0000-0000-000000000001}"
EndProject
Project("{2150E333-8FDC-42A3-9474-1A3956D46DE8}") = "BuildingBlocks", "BuildingBlocks", "{11111111-0000-0000-0000-000000000002}"
EndProject
Project("{2150E333-8FDC-42A3-9474-1A3956D46DE8}") = "Services", "Services", "{11111111-0000-0000-0000-000000000003}"
EndProject
Project("{2150E333-8FDC-42A3-9474-1A3956D46DE8}") = "AuthService", "AuthService", "{11111111-0000-0000-0000-000000000004}"
EndProject
Project("{2150E333-8FDC-42A3-9474-1A3956D46DE8}") = "OrderService", "OrderService", "{11111111-0000-0000-0000-000000000005}"
EndProject
Project("{2150E333-8FDC-42A3-9474-1A3956D46DE8}") = "NotificationService", "NotificationService", "{11111111-0000-0000-0000-000000000006}"
EndProject
Project("{2150E333-8FDC-42A3-9474-1A3956D46DE8}") = "M01Service", "M01Service", "{11111111-0000-0000-0000-000000000007}"
EndProject
Project("{2150E333-8FDC-42A3-9474-1A3956D46DE8}") = "AsyncGateway", "AsyncGateway", "{11111111-0000-0000-0000-000000000008}"
EndProject
Project("{FAE04EC0-301F-11D3-BF4B-00C04F79EFBC}") = "AsyncGateway.API", "src\ApiGateway\AsyncGateway.API.csproj", "{E0000000-0000-0000-0000-000000000001}"
EndProject
Project("{FAE04EC0-301F-11D3-BF4B-00C04F79EFBC}") = "SharedKernel", "src\BuildingBlocks\SharedKernel\SharedKernel.csproj", "{A0000000-0000-0000-0000-000000000001}"
EndProject
Project("{FAE04EC0-301F-11D3-BF4B-00C04F79EFBC}") = "Contracts", "src\BuildingBlocks\Contracts\Contracts.csproj", "{A0000000-0000-0000-0000-000000000002}"
EndProject
Project("{FAE04EC0-301F-11D3-BF4B-00C04F79EFBC}") = "Common", "src\BuildingBlocks\Common\Common.csproj", "{A0000000-0000-0000-0000-000000000003}"
EndProject
Project("{FAE04EC0-301F-11D3-BF4B-00C04F79EFBC}") = "AuthService.Domain", "src\Services\AuthService\AuthService.Domain\AuthService.Domain.csproj", "{B0000000-0000-0000-0000-000000000001}"
EndProject
Project("{FAE04EC0-301F-11D3-BF4B-00C04F79EFBC}") = "AuthService.Application", "src\Services\AuthService\AuthService.Application\AuthService.Application.csproj", "{B0000000-0000-0000-0000-000000000002}"
EndProject
Project("{FAE04EC0-301F-11D3-BF4B-00C04F79EFBC}") = "AuthService.Infrastructure", "src\Services\AuthService\AuthService.Infrastructure\AuthService.Infrastructure.csproj", "{B0000000-0000-0000-0000-000000000003}"
EndProject
Project("{FAE04EC0-301F-11D3-BF4B-00C04F79EFBC}") = "AuthService.API", "src\Services\AuthService\AuthService.API\AuthService.API.csproj", "{B0000000-0000-0000-0000-000000000004}"
EndProject
Project("{FAE04EC0-301F-11D3-BF4B-00C04F79EFBC}") = "OrderService.Domain", "src\Services\OrderService\OrderService.Domain\OrderService.Domain.csproj", "{C0000000-0000-0000-0000-000000000001}"
EndProject
Project("{FAE04EC0-301F-11D3-BF4B-00C04F79EFBC}") = "OrderService.Application", "src\Services\OrderService\OrderService.Application\OrderService.Application.csproj", "{C0000000-0000-0000-0000-000000000002}"
EndProject
Project("{FAE04EC0-301F-11D3-BF4B-00C04F79EFBC}") = "OrderService.Infrastructure", "src\Services\OrderService\OrderService.Infrastructure\OrderService.Infrastructure.csproj", "{C0000000-0000-0000-0000-000000000003}"
EndProject
Project("{FAE04EC0-301F-11D3-BF4B-00C04F79EFBC}") = "OrderService.API", "src\Services\OrderService\OrderService.API\OrderService.API.csproj", "{C0000000-0000-0000-0000-000000000004}"
EndProject
Project("{FAE04EC0-301F-11D3-BF4B-00C04F79EFBC}") = "NotificationService.Domain", "src\Services\NotificationService\NotificationService.Domain\NotificationService.Domain.csproj", "{D0000000-0000-0000-0000-000000000001}"
EndProject
Project("{FAE04EC0-301F-11D3-BF4B-00C04F79EFBC}") = "NotificationService.Application", "src\Services\NotificationService\NotificationService.Application\NotificationService.Application.csproj", "{D0000000-0000-0000-0000-000000000002}"
EndProject
Project("{FAE04EC0-301F-11D3-BF4B-00C04F79EFBC}") = "NotificationService.Infrastructure", "src\Services\NotificationService\NotificationService.Infrastructure\NotificationService.Infrastructure.csproj", "{D0000000-0000-0000-0000-000000000003}"
EndProject
Project("{FAE04EC0-301F-11D3-BF4B-00C04F79EFBC}") = "NotificationService.API", "src\Services\NotificationService\NotificationService.API\NotificationService.API.csproj", "{D0000000-0000-0000-0000-000000000004}"
EndProject
Project("{FAE04EC0-301F-11D3-BF4B-00C04F79EFBC}") = "M01Service.Domain", "src\Services\M01Service\M01Service.Domain\M01Service.Domain.csproj", "{F0000000-0000-0000-0000-000000000001}"
EndProject
Project("{FAE04EC0-301F-11D3-BF4B-00C04F79EFBC}") = "M01Service.Application", "src\Services\M01Service\M01Service.Application\M01Service.Application.csproj", "{F0000000-0000-0000-0000-000000000002}"
EndProject
Project("{FAE04EC0-301F-11D3-BF4B-00C04F79EFBC}") = "M01Service.Infrastructure", "src\Services\M01Service\M01Service.Infrastructure\M01Service.Infrastructure.csproj", "{F0000000-0000-0000-0000-000000000003}"
EndProject
Project("{FAE04EC0-301F-11D3-BF4B-00C04F79EFBC}") = "M01Service.API", "src\Services\M01Service\M01Service.API\M01Service.API.csproj", "{F0000000-0000-0000-0000-000000000004}"
EndProject
Project("{2150E333-8FDC-42A3-9474-1A3956D46DE8}") = "tests", "tests", "{0AB3BF05-4346-4AA6-1389-037BE0695223}"
EndProject
Project("{FAE04EC0-301F-11D3-BF4B-00C04F79EFBC}") = "Hdos.BuildingBlocks.Tests", "tests\Hdos.BuildingBlocks.Tests\Hdos.BuildingBlocks.Tests.csproj", "{215E1592-B223-4073-9F1C-445CACCCAA51}"
EndProject
Project("{FAE04EC0-301F-11D3-BF4B-00C04F79EFBC}") = "Hdos.AuthService.Tests", "tests\Hdos.AuthService.Tests\Hdos.AuthService.Tests.csproj", "{FF56A775-6A70-4BC5-96A3-691387017B23}"
EndProject
Project("{FAE04EC0-301F-11D3-BF4B-00C04F79EFBC}") = "Hdos.OrderService.Tests", "tests\Hdos.OrderService.Tests\Hdos.OrderService.Tests.csproj", "{D3049D39-5CFE-452E-B280-046E4DAD48CF}"
EndProject
Project("{FAE04EC0-301F-11D3-BF4B-00C04F79EFBC}") = "Hdos.NotificationService.Tests", "tests\Hdos.NotificationService.Tests\Hdos.NotificationService.Tests.csproj", "{B453F606-0916-4406-8BDD-3A32FABE27F2}"
EndProject
Global
	GlobalSection(SolutionConfigurationPlatforms) = preSolution
		Debug|Any CPU = Debug|Any CPU
		Debug|x64 = Debug|x64
		Debug|x86 = Debug|x86
		Release|Any CPU = Release|Any CPU
		Release|x64 = Release|x64
		Release|x86 = Release|x86
	EndGlobalSection
	GlobalSection(ProjectConfigurationPlatforms) = postSolution
		{A0000000-0000-0000-0000-000000000001}.Debug|Any CPU.ActiveCfg = Debug|Any CPU
		{A0000000-0000-0000-0000-000000000001}.Debug|Any CPU.Build.0 = Debug|Any CPU
		{A0000000-0000-0000-0000-000000000001}.Debug|x64.ActiveCfg = Debug|Any CPU
		{A0000000-0000-0000-0000-000000000001}.Debug|x64.Build.0 = Debug|Any CPU
		{A0000000-0000-0000-0000-000000000001}.Debug|x86.ActiveCfg = Debug|Any CPU
		{A0000000-0000-0000-0000-000000000001}.Debug|x86.Build.0 = Debug|Any CPU
		{A0000000-0000-0000-0000-000000000001}.Release|Any CPU.ActiveCfg = Release|Any CPU
		{A0000000-0000-0000-0000-000000000001}.Release|Any CPU.Build.0 = Release|Any CPU
		{A0000000-0000-0000-0000-000000000001}.Release|x64.ActiveCfg = Release|Any CPU
		{A0000000-0000-0000-0000-000000000001}.Release|x64.Build.0 = Release|Any CPU
		{A0000000-0000-0000-0000-000000000001}.Release|x86.ActiveCfg = Release|Any CPU
		{A0000000-0000-0000-0000-000000000001}.Release|x86.Build.0 = Release|Any CPU
		{A0000000-0000-0000-0000-000000000002}.Debug|Any CPU.ActiveCfg = Debug|Any CPU
		{A0000000-0000-0000-0000-000000000002}.Debug|Any CPU.Build.0 = Debug|Any CPU
		{A0000000-0000-0000-0000-000000000002}.Debug|x64.ActiveCfg = Debug|Any CPU
		{A0000000-0000-0000-0000-000000000002}.Debug|x64.Build.0 = Debug|Any CPU
		{A0000000-0000-0000-0000-000000000002}.Debug|x86.ActiveCfg = Debug|Any CPU
		{A0000000-0000-0000-0000-000000000002}.Debug|x86.Build.0 = Debug|Any CPU
		{A0000000-0000-0000-0000-000000000002}.Release|Any CPU.ActiveCfg = Release|Any CPU
		{A0000000-0000-0000-0000-000000000002}.Release|Any CPU.Build.0 = Release|Any CPU
		{A0000000-0000-0000-0000-000000000002}.Release|x64.ActiveCfg = Release|Any CPU
		{A0000000-0000-0000-0000-000000000002}.Release|x64.Build.0 = Release|Any CPU
		{A0000000-0000-0000-0000-000000000002}.Release|x86.ActiveCfg = Release|Any CPU
		{A0000000-0000-0000-0000-000000000002}.Release|x86.Build.0 = Release|Any CPU
		{A0000000-0000-0000-0000-000000000003}.Debug|Any CPU.ActiveCfg = Debug|Any CPU
		{A0000000-0000-0000-0000-000000000003}.Debug|Any CPU.Build.0 = Debug|Any CPU
		{A0000000-0000-0000-0000-000000000003}.Debug|x64.ActiveCfg = Debug|Any CPU
		{A0000000-0000-0000-0000-000000000003}.Debug|x64.Build.0 = Debug|Any CPU
		{A0000000-0000-0000-0000-000000000003}.Debug|x86.ActiveCfg = Debug|Any CPU
		{A0000000-0000-0000-0000-000000000003}.Debug|x86.Build.0 = Debug|Any CPU
		{A0000000-0000-0000-0000-000000000003}.Release|Any CPU.ActiveCfg = Release|Any CPU
		{A0000000-0000-0000-0000-000000000003}.Release|Any CPU.Build.0 = Release|Any CPU
		{A0000000-0000-0000-0000-000000000003}.Release|x64.ActiveCfg = Release|Any CPU
		{A0000000-0000-0000-0000-000000000003}.Release|x64.Build.0 = Release|Any CPU
		{A0000000-0000-0000-0000-000000000003}.Release|x86.ActiveCfg = Release|Any CPU
		{A0000000-0000-0000-0000-000000000003}.Release|x86.Build.0 = Release|Any CPU
		{B0000000-0000-0000-0000-000000000001}.Debug|Any CPU.ActiveCfg = Debug|Any CPU
		{B0000000-0000-0000-0000-000000000001}.Debug|Any CPU.Build.0 = Debug|Any CPU
		{B0000000-0000-0000-0000-000000000001}.Debug|x64.ActiveCfg = Debug|Any CPU
		{B0000000-0000-0000-0000-000000000001}.Debug|x64.Build.0 = Debug|Any CPU
		{B0000000-0000-0000-0000-000000000001}.Debug|x86.ActiveCfg = Debug|Any CPU
		{B0000000-0000-0000-0000-000000000001}.Debug|x86.Build.0 = Debug|Any CPU
		{B0000000-0000-0000-0000-000000000001}.Release|Any CPU.ActiveCfg = Release|Any CPU
		{B0000000-0000-0000-0000-000000000001}.Release|Any CPU.Build.0 = Release|Any CPU
		{B0000000-0000-0000-0000-000000000001}.Release|x64.ActiveCfg = Release|Any CPU
		{B0000000-0000-0000-0000-000000000001}.Release|x64.Build.0 = Release|Any CPU
		{B0000000-0000-0000-0000-000000000001}.Release|x86.ActiveCfg = Release|Any CPU
		{B0000000-0000-0000-0000-000000000001}.Release|x86.Build.0 = Release|Any CPU
		{B0000000-0000-0000-0000-000000000002}.Debug|Any CPU.ActiveCfg = Debug|Any CPU
		{B0000000-0000-0000-0000-000000000002}.Debug|Any CPU.Build.0 = Debug|Any CPU
		{B0000000-0000-0000-0000-000000000002}.Debug|x64.ActiveCfg = Debug|Any CPU
		{B0000000-0000-0000-0000-000000000002}.Debug|x64.Build.0 = Debug|Any CPU
		{B0000000-0000-0000-0000-000000000002}.Debug|x86.ActiveCfg = Debug|Any CPU
		{B0000000-0000-0000-0000-000000000002}.Debug|x86.Build.0 = Debug|Any CPU
		{B0000000-0000-0000-0000-000000000002}.Release|Any CPU.ActiveCfg = Release|Any CPU
		{B0000000-0000-0000-0000-000000000002}.Release|Any CPU.Build.0 = Release|Any CPU
		{B0000000-0000-0000-0000-000000000002}.Release|x64.ActiveCfg = Release|Any CPU
		{B0000000-0000-0000-0000-000000000002}.Release|x64.Build.0 = Release|Any CPU
		{B0000000-0000-0000-0000-000000000002}.Release|x86.ActiveCfg = Release|Any CPU
		{B0000000-0000-0000-0000-000000000002}.Release|x86.Build.0 = Release|Any CPU
		{B0000000-0000-0000-0000-000000000003}.Debug|Any CPU.ActiveCfg = Debug|Any CPU
		{B0000000-0000-0000-0000-000000000003}.Debug|Any CPU.Build.0 = Debug|Any CPU
		{B0000000-0000-0000-0000-000000000003}.Debug|x64.ActiveCfg = Debug|Any CPU
		{B0000000-0000-0000-0000-000000000003}.Debug|x64.Build.0 = Debug|Any CPU
		{B0000000-0000-0000-0000-000000000003}.Debug|x86.ActiveCfg = Debug|Any CPU
		{B0000000-0000-0000-0000-000000000003}.Debug|x86.Build.0 = Debug|Any CPU
		{B0000000-0000-0000-0000-000000000003}.Release|Any CPU.ActiveCfg = Release|Any CPU
		{B0000000-0000-0000-0000-000000000003}.Release|Any CPU.Build.0 = Release|Any CPU
		{B0000000-0000-0000-0000-000000000003}.Release|x64.ActiveCfg = Release|Any CPU
		{B0000000-0000-0000-0000-000000000003}.Release|x64.Build.0 = Release|Any CPU
		{B0000000-0000-0000-0000-000000000003}.Release|x86.ActiveCfg = Release|Any CPU
		{B0000000-0000-0000-0000-000000000003}.Release|x86.Build.0 = Release|Any CPU
		{B0000000-0000-0000-0000-000000000004}.Debug|Any CPU.ActiveCfg = Debug|Any CPU
		{B0000000-0000-0000-0000-000000000004}.Debug|Any CPU.Build.0 = Debug|Any CPU
		{B0000000-0000-0000-0000-000000000004}.Debug|x64.ActiveCfg = Debug|Any CPU
		{B0000000-0000-0000-0000-000000000004}.Debug|x64.Build.0 = Debug|Any CPU
		{B0000000-0000-0000-0000-000000000004}.Debug|x86.ActiveCfg = Debug|Any CPU
		{B0000000-0000-0000-0000-000000000004}.Debug|x86.Build.0 = Debug|Any CPU
		{B0000000-0000-0000-0000-000000000004}.Release|Any CPU.ActiveCfg = Release|Any CPU
		{B0000000-0000-0000-0000-000000000004}.Release|Any CPU.Build.0 = Release|Any CPU
		{B0000000-0000-0000-0000-000000000004}.Release|x64.ActiveCfg = Release|Any CPU
		{B0000000-0000-0000-0000-000000000004}.Release|x64.Build.0 = Release|Any CPU
		{B0000000-0000-0000-0000-000000000004}.Release|x86.ActiveCfg = Release|Any CPU
		{B0000000-0000-0000-0000-000000000004}.Release|x86.Build.0 = Release|Any CPU
		{C0000000-0000-0000-0000-000000000001}.Debug|Any CPU.ActiveCfg = Debug|Any CPU
		{C0000000-0000-0000-0000-000000000001}.Debug|Any CPU.Build.0 = Debug|Any CPU
		{C0000000-0000-0000-0000-000000000001}.Debug|x64.ActiveCfg = Debug|Any CPU
		{C0000000-0000-0000-0000-000000000001}.Debug|x64.Build.0 = Debug|Any CPU
		{C0000000-0000-0000-0000-000000000001}.Debug|x86.ActiveCfg = Debug|Any CPU
		{C0000000-0000-0000-0000-000000000001}.Debug|x86.Build.0 = Debug|Any CPU
		{C0000000-0000-0000-0000-000000000001}.Release|Any CPU.ActiveCfg = Release|Any CPU
		{C0000000-0000-0000-0000-000000000001}.Release|Any CPU.Build.0 = Release|Any CPU
		{C0000000-0000-0000-0000-000000000001}.Release|x64.ActiveCfg = Release|Any CPU
		{C0000000-0000-0000-0000-000000000001}.Release|x64.Build.0 = Release|Any CPU
		{C0000000-0000-0000-0000-000000000001}.Release|x86.ActiveCfg = Release|Any CPU
		{C0000000-0000-0000-0000-000000000001}.Release|x86.Build.0 = Release|Any CPU
		{C0000000-0000-0000-0000-000000000002}.Debug|Any CPU.ActiveCfg = Debug|Any CPU
		{C0000000-0000-0000-0000-000000000002}.Debug|Any CPU.Build.0 = Debug|Any CPU
		{C0000000-0000-0000-0000-000000000002}.Debug|x64.ActiveCfg = Debug|Any CPU
		{C0000000-0000-0000-0000-000000000002}.Debug|x64.Build.0 = Debug|Any CPU
		{C0000000-0000-0000-0000-000000000002}.Debug|x86.ActiveCfg = Debug|Any CPU
		{C0000000-0000-0000-0000-000000000002}.Debug|x86.Build.0 = Debug|Any CPU
		{C0000000-0000-0000-0000-000000000002}.Release|Any CPU.ActiveCfg = Release|Any CPU
		{C0000000-0000-0000-0000-000000000002}.Release|Any CPU.Build.0 = Release|Any CPU
		{C0000000-0000-0000-0000-000000000002}.Release|x64.ActiveCfg = Release|Any CPU
		{C0000000-0000-0000-0000-000000000002}.Release|x64.Build.0 = Release|Any CPU
		{C0000000-0000-0000-0000-000000000002}.Release|x86.ActiveCfg = Release|Any CPU
		{C0000000-0000-0000-0000-000000000002}.Release|x86.Build.0 = Release|Any CPU
		{C0000000-0000-0000-0000-000000000003}.Debug|Any CPU.ActiveCfg = Debug|Any CPU
		{C0000000-0000-0000-0000-000000000003}.Debug|Any CPU.Build.0 = Debug|Any CPU
		{C0000000-0000-0000-0000-000000000003}.Debug|x64.ActiveCfg = Debug|Any CPU
		{C0000000-0000-0000-0000-000000000003}.Debug|x64.Build.0 = Debug|Any CPU
		{C0000000-0000-0000-0000-000000000003}.Debug|x86.ActiveCfg = Debug|Any CPU
		{C0000000-0000-0000-0000-000000000003}.Debug|x86.Build.0 = Debug|Any CPU
		{C0000000-0000-0000-0000-000000000003}.Release|Any CPU.ActiveCfg = Release|Any CPU
		{C0000000-0000-0000-0000-000000000003}.Release|Any CPU.Build.0 = Release|Any CPU
		{C0000000-0000-0000-0000-000000000003}.Release|x64.ActiveCfg = Release|Any CPU
		{C0000000-0000-0000-0000-000000000003}.Release|x64.Build.0 = Release|Any CPU
		{C0000000-0000-0000-0000-000000000003}.Release|x86.ActiveCfg = Release|Any CPU
		{C0000000-0000-0000-0000-000000000003}.Release|x86.Build.0 = Release|Any CPU
		{C0000000-0000-0000-0000-000000000004}.Debug|Any CPU.ActiveCfg = Debug|Any CPU
		{C0000000-0000-0000-0000-000000000004}.Debug|Any CPU.Build.0 = Debug|Any CPU
		{C0000000-0000-0000-0000-000000000004}.Debug|x64.ActiveCfg = Debug|Any CPU
		{C0000000-0000-0000-0000-000000000004}.Debug|x64.Build.0 = Debug|Any CPU
		{C0000000-0000-0000-0000-000000000004}.Debug|x86.ActiveCfg = Debug|Any CPU
		{C0000000-0000-0000-0000-000000000004}.Debug|x86.Build.0 = Debug|Any CPU
		{C0000000-0000-0000-0000-000000000004}.Release|Any CPU.ActiveCfg = Release|Any CPU
		{C0000000-0000-0000-0000-000000000004}.Release|Any CPU.Build.0 = Release|Any CPU
		{C0000000-0000-0000-0000-000000000004}.Release|x64.ActiveCfg = Release|Any CPU
		{C0000000-0000-0000-0000-000000000004}.Release|x64.Build.0 = Release|Any CPU
		{C0000000-0000-0000-0000-000000000004}.Release|x86.ActiveCfg = Release|Any CPU
		{C0000000-0000-0000-0000-000000000004}.Release|x86.Build.0 = Release|Any CPU
		{D0000000-0000-0000-0000-000000000001}.Debug|Any CPU.ActiveCfg = Debug|Any CPU
		{D0000000-0000-0000-0000-000000000001}.Debug|Any CPU.Build.0 = Debug|Any CPU
		{D0000000-0000-0000-0000-000000000001}.Debug|x64.ActiveCfg = Debug|Any CPU
		{D0000000-0000-0000-0000-000000000001}.Debug|x64.Build.0 = Debug|Any CPU
		{D0000000-0000-0000-0000-000000000001}.Debug|x86.ActiveCfg = Debug|Any CPU
		{D0000000-0000-0000-0000-000000000001}.Debug|x86.Build.0 = Debug|Any CPU
		{D0000000-0000-0000-0000-000000000001}.Release|Any CPU.ActiveCfg = Release|Any CPU
		{D0000000-0000-0000-0000-000000000001}.Release|Any CPU.Build.0 = Release|Any CPU
		{D0000000-0000-0000-0000-000000000001}.Release|x64.ActiveCfg = Release|Any CPU
		{D0000000-0000-0000-0000-000000000001}.Release|x64.Build.0 = Release|Any CPU
		{D0000000-0000-0000-0000-000000000001}.Release|x86.ActiveCfg = Release|Any CPU
		{D0000000-0000-0000-0000-000000000001}.Release|x86.Build.0 = Release|Any CPU
		{D0000000-0000-0000-0000-000000000002}.Debug|Any CPU.ActiveCfg = Debug|Any CPU
		{D0000000-0000-0000-0000-000000000002}.Debug|Any CPU.Build.0 = Debug|Any CPU
		{D0000000-0000-0000-0000-000000000002}.Debug|x64.ActiveCfg = Debug|Any CPU
		{D0000000-0000-0000-0000-000000000002}.Debug|x64.Build.0 = Debug|Any CPU
		{D0000000-0000-0000-0000-000000000002}.Debug|x86.ActiveCfg = Debug|Any CPU
		{D0000000-0000-0000-0000-000000000002}.Debug|x86.Build.0 = Debug|Any CPU
		{D0000000-0000-0000-0000-000000000002}.Release|Any CPU.ActiveCfg = Release|Any CPU
		{D0000000-0000-0000-0000-000000000002}.Release|Any CPU.Build.0 = Release|Any CPU
		{D0000000-0000-0000-0000-000000000002}.Release|x64.ActiveCfg = Release|Any CPU
		{D0000000-0000-0000-0000-000000000002}.Release|x64.Build.0 = Release|Any CPU
		{D0000000-0000-0000-0000-000000000002}.Release|x86.ActiveCfg = Release|Any CPU
		{D0000000-0000-0000-0000-000000000002}.Release|x86.Build.0 = Release|Any CPU
		{D0000000-0000-0000-0000-000000000003}.Debug|Any CPU.ActiveCfg = Debug|Any CPU
		{D0000000-0000-0000-0000-000000000003}.Debug|Any CPU.Build.0 = Debug|Any CPU
		{D0000000-0000-0000-0000-000000000003}.Debug|x64.ActiveCfg = Debug|Any CPU
		{D0000000-0000-0000-0000-000000000003}.Debug|x64.Build.0 = Debug|Any CPU
		{D0000000-0000-0000-0000-000000000003}.Debug|x86.ActiveCfg = Debug|Any CPU
		{D0000000-0000-0000-0000-000000000003}.Debug|x86.Build.0 = Debug|Any CPU
		{D0000000-0000-0000-0000-000000000003}.Release|Any CPU.ActiveCfg = Release|Any CPU
		{D0000000-0000-0000-0000-000000000003}.Release|Any CPU.Build.0 = Release|Any CPU
		{D0000000-0000-0000-0000-000000000003}.Release|x64.ActiveCfg = Release|Any CPU
		{D0000000-0000-0000-0000-000000000003}.Release|x64.Build.0 = Release|Any CPU
		{D0000000-0000-0000-0000-000000000003}.Release|x86.ActiveCfg = Release|Any CPU
		{D0000000-0000-0000-0000-000000000003}.Release|x86.Build.0 = Release|Any CPU
		{D0000000-0000-0000-0000-000000000004}.Debug|Any CPU.ActiveCfg = Debug|Any CPU
		{D0000000-0000-0000-0000-000000000004}.Debug|Any CPU.Build.0 = Debug|Any CPU
		{D0000000-0000-0000-0000-000000000004}.Debug|x64.ActiveCfg = Debug|Any CPU
		{D0000000-0000-0000-0000-000000000004}.Debug|x64.Build.0 = Debug|Any CPU
		{D0000000-0000-0000-0000-000000000004}.Debug|x86.ActiveCfg = Debug|Any CPU
		{D0000000-0000-0000-0000-000000000004}.Debug|x86.Build.0 = Debug|Any CPU
		{D0000000-0000-0000-0000-000000000004}.Release|Any CPU.ActiveCfg = Release|Any CPU
		{D0000000-0000-0000-0000-000000000004}.Release|Any CPU.Build.0 = Release|Any CPU
		{D0000000-0000-0000-0000-000000000004}.Release|x64.ActiveCfg = Release|Any CPU
		{D0000000-0000-0000-0000-000000000004}.Release|x64.Build.0 = Release|Any CPU
		{D0000000-0000-0000-0000-000000000004}.Release|x86.ActiveCfg = Release|Any CPU
		{D0000000-0000-0000-0000-000000000004}.Release|x86.Build.0 = Release|Any CPU
		{F0000000-0000-0000-0000-000000000001}.Debug|Any CPU.ActiveCfg = Debug|Any CPU
		{F0000000-0000-0000-0000-000000000001}.Debug|Any CPU.Build.0 = Debug|Any CPU
		{F0000000-0000-0000-0000-000000000001}.Debug|x64.ActiveCfg = Debug|Any CPU
		{F0000000-0000-0000-0000-000000000001}.Debug|x64.Build.0 = Debug|Any CPU
		{F0000000-0000-0000-0000-000000000001}.Debug|x86.ActiveCfg = Debug|Any CPU
		{F0000000-0000-0000-0000-000000000001}.Debug|x86.Build.0 = Debug|Any CPU
		{F0000000-0000-0000-0000-000000000001}.Release|Any CPU.ActiveCfg = Release|Any CPU
		{F0000000-0000-0000-0000-000000000001}.Release|Any CPU.Build.0 = Release|Any CPU
		{F0000000-0000-0000-0000-000000000001}.Release|x64.ActiveCfg = Release|Any CPU
		{F0000000-0000-0000-0000-000000000001}.Release|x64.Build.0 = Release|Any CPU
		{F0000000-0000-0000-0000-000000000001}.Release|x86.ActiveCfg = Release|Any CPU
		{F0000000-0000-0000-0000-000000000001}.Release|x86.Build.0 = Release|Any CPU
		{F0000000-0000-0000-0000-000000000002}.Debug|Any CPU.ActiveCfg = Debug|Any CPU
		{F0000000-0000-0000-0000-000000000002}.Debug|Any CPU.Build.0 = Debug|Any CPU
		{F0000000-0000-0000-0000-000000000002}.Debug|x64.ActiveCfg = Debug|Any CPU
		{F0000000-0000-0000-0000-000000000002}.Debug|x64.Build.0 = Debug|Any CPU
		{F0000000-0000-0000-0000-000000000002}.Debug|x86.ActiveCfg = Debug|Any CPU
		{F0000000-0000-0000-0000-000000000002}.Debug|x86.Build.0 = Debug|Any CPU
		{F0000000-0000-0000-0000-000000000002}.Release|Any CPU.ActiveCfg = Release|Any CPU
		{F0000000-0000-0000-0000-000000000002}.Release|Any CPU.Build.0 = Release|Any CPU
		{F0000000-0000-0000-0000-000000000002}.Release|x64.ActiveCfg = Release|Any CPU
		{F0000000-0000-0000-0000-000000000002}.Release|x64.Build.0 = Release|Any CPU
		{F0000000-0000-0000-0000-000000000002}.Release|x86.ActiveCfg = Release|Any CPU
		{F0000000-0000-0000-0000-000000000002}.Release|x86.Build.0 = Release|Any CPU
		{F0000000-0000-0000-0000-000000000003}.Debug|Any CPU.ActiveCfg = Debug|Any CPU
		{F0000000-0000-0000-0000-000000000003}.Debug|Any CPU.Build.0 = Debug|Any CPU
		{F0000000-0000-0000-0000-000000000003}.Debug|x64.ActiveCfg = Debug|Any CPU
		{F0000000-0000-0000-0000-000000000003}.Debug|x64.Build.0 = Debug|Any CPU
		{F0000000-0000-0000-0000-000000000003}.Debug|x86.ActiveCfg = Debug|Any CPU
		{F0000000-0000-0000-0000-000000000003}.Debug|x86.Build.0 = Debug|Any CPU
		{F0000000-0000-0000-0000-000000000003}.Release|Any CPU.ActiveCfg = Release|Any CPU
		{F0000000-0000-0000-0000-000000000003}.Release|Any CPU.Build.0 = Release|Any CPU
		{F0000000-0000-0000-0000-000000000003}.Release|x64.ActiveCfg = Release|Any CPU
		{F0000000-0000-0000-0000-000000000003}.Release|x64.Build.0 = Release|Any CPU
		{F0000000-0000-0000-0000-000000000003}.Release|x86.ActiveCfg = Release|Any CPU
		{F0000000-0000-0000-0000-000000000003}.Release|x86.Build.0 = Release|Any CPU
		{F0000000-0000-0000-0000-000000000004}.Debug|Any CPU.ActiveCfg = Debug|Any CPU
		{F0000000-0000-0000-0000-000000000004}.Debug|Any CPU.Build.0 = Debug|Any CPU
		{F0000000-0000-0000-0000-000000000004}.Debug|x64.ActiveCfg = Debug|Any CPU
		{F0000000-0000-0000-0000-000000000004}.Debug|x64.Build.0 = Debug|Any CPU
		{F0000000-0000-0000-0000-000000000004}.Debug|x86.ActiveCfg = Debug|Any CPU
		{F0000000-0000-0000-0000-000000000004}.Debug|x86.Build.0 = Debug|Any CPU
		{F0000000-0000-0000-0000-000000000004}.Release|Any CPU.ActiveCfg = Release|Any CPU
		{F0000000-0000-0000-0000-000000000004}.Release|Any CPU.Build.0 = Release|Any CPU
		{F0000000-0000-0000-0000-000000000004}.Release|x64.ActiveCfg = Release|Any CPU
		{F0000000-0000-0000-0000-000000000004}.Release|x64.Build.0 = Release|Any CPU
		{F0000000-0000-0000-0000-000000000004}.Release|x86.ActiveCfg = Release|Any CPU
		{F0000000-0000-0000-0000-000000000004}.Release|x86.Build.0 = Release|Any CPU
		{E0000000-0000-0000-0000-000000000001}.Debug|Any CPU.ActiveCfg = Debug|Any CPU
		{E0000000-0000-0000-0000-000000000001}.Debug|Any CPU.Build.0 = Debug|Any CPU
		{E0000000-0000-0000-0000-000000000001}.Debug|x64.ActiveCfg = Debug|Any CPU
		{E0000000-0000-0000-0000-000000000001}.Debug|x64.Build.0 = Debug|Any CPU
		{E0000000-0000-0000-0000-000000000001}.Debug|x86.ActiveCfg = Debug|Any CPU
		{E0000000-0000-0000-0000-000000000001}.Debug|x86.Build.0 = Debug|Any CPU
		{E0000000-0000-0000-0000-000000000001}.Release|Any CPU.ActiveCfg = Release|Any CPU
		{E0000000-0000-0000-0000-000000000001}.Release|Any CPU.Build.0 = Release|Any CPU
		{E0000000-0000-0000-0000-000000000001}.Release|x64.ActiveCfg = Release|Any CPU
		{E0000000-0000-0000-0000-000000000001}.Release|x64.Build.0 = Release|Any CPU
		{E0000000-0000-0000-0000-000000000001}.Release|x86.ActiveCfg = Release|Any CPU
		{E0000000-0000-0000-0000-000000000001}.Release|x86.Build.0 = Release|Any CPU
		{215E1592-B223-4073-9F1C-445CACCCAA51}.Debug|Any CPU.ActiveCfg = Debug|Any CPU
		{215E1592-B223-4073-9F1C-445CACCCAA51}.Debug|Any CPU.Build.0 = Debug|Any CPU
		{215E1592-B223-4073-9F1C-445CACCCAA51}.Debug|x64.ActiveCfg = Debug|Any CPU
		{215E1592-B223-4073-9F1C-445CACCCAA51}.Debug|x64.Build.0 = Debug|Any CPU
		{215E1592-B223-4073-9F1C-445CACCCAA51}.Debug|x86.ActiveCfg = Debug|Any CPU
		{215E1592-B223-4073-9F1C-445CACCCAA51}.Debug|x86.Build.0 = Debug|Any CPU
		{215E1592-B223-4073-9F1C-445CACCCAA51}.Release|Any CPU.ActiveCfg = Release|Any CPU
		{215E1592-B223-4073-9F1C-445CACCCAA51}.Release|Any CPU.Build.0 = Release|Any CPU
		{215E1592-B223-4073-9F1C-445CACCCAA51}.Release|x64.ActiveCfg = Release|Any CPU
		{215E1592-B223-4073-9F1C-445CACCCAA51}.Release|x64.Build.0 = Release|Any CPU
		{215E1592-B223-4073-9F1C-445CACCCAA51}.Release|x86.ActiveCfg = Release|Any CPU
		{215E1592-B223-4073-9F1C-445CACCCAA51}.Release|x86.Build.0 = Release|Any CPU
		{FF56A775-6A70-4BC5-96A3-691387017B23}.Debug|Any CPU.ActiveCfg = Debug|Any CPU
		{FF56A775-6A70-4BC5-96A3-691387017B23}.Debug|Any CPU.Build.0 = Debug|Any CPU
		{FF56A775-6A70-4BC5-96A3-691387017B23}.Debug|x64.ActiveCfg = Debug|Any CPU
		{FF56A775-6A70-4BC5-96A3-691387017B23}.Debug|x64.Build.0 = Debug|Any CPU
		{FF56A775-6A70-4BC5-96A3-691387017B23}.Debug|x86.ActiveCfg = Debug|Any CPU
		{FF56A775-6A70-4BC5-96A3-691387017B23}.Debug|x86.Build.0 = Debug|Any CPU
		{FF56A775-6A70-4BC5-96A3-691387017B23}.Release|Any CPU.ActiveCfg = Release|Any CPU
		{FF56A775-6A70-4BC5-96A3-691387017B23}.Release|Any CPU.Build.0 = Release|Any CPU
		{FF56A775-6A70-4BC5-96A3-691387017B23}.Release|x64.ActiveCfg = Release|Any CPU
		{FF56A775-6A70-4BC5-96A3-691387017B23}.Release|x64.Build.0 = Release|Any CPU
		{FF56A775-6A70-4BC5-96A3-691387017B23}.Release|x86.ActiveCfg = Release|Any CPU
		{FF56A775-6A70-4BC5-96A3-691387017B23}.Release|x86.Build.0 = Release|Any CPU
		{D3049D39-5CFE-452E-B280-046E4DAD48CF}.Debug|Any CPU.ActiveCfg = Debug|Any CPU
		{D3049D39-5CFE-452E-B280-046E4DAD48CF}.Debug|Any CPU.Build.0 = Debug|Any CPU
		{D3049D39-5CFE-452E-B280-046E4DAD48CF}.Debug|x64.ActiveCfg = Debug|Any CPU
		{D3049D39-5CFE-452E-B280-046E4DAD48CF}.Debug|x64.Build.0 = Debug|Any CPU
		{D3049D39-5CFE-452E-B280-046E4DAD48CF}.Debug|x86.ActiveCfg = Debug|Any CPU
		{D3049D39-5CFE-452E-B280-046E4DAD48CF}.Debug|x86.Build.0 = Debug|Any CPU
		{D3049D39-5CFE-452E-B280-046E4DAD48CF}.Release|Any CPU.ActiveCfg = Release|Any CPU
		{D3049D39-5CFE-452E-B280-046E4DAD48CF}.Release|Any CPU.Build.0 = Release|Any CPU
		{D3049D39-5CFE-452E-B280-046E4DAD48CF}.Release|x64.ActiveCfg = Release|Any CPU
		{D3049D39-5CFE-452E-B280-046E4DAD48CF}.Release|x64.Build.0 = Release|Any CPU
		{D3049D39-5CFE-452E-B280-046E4DAD48CF}.Release|x86.ActiveCfg = Release|Any CPU
		{D3049D39-5CFE-452E-B280-046E4DAD48CF}.Release|x86.Build.0 = Release|Any CPU
		{B453F606-0916-4406-8BDD-3A32FABE27F2}.Debug|Any CPU.ActiveCfg = Debug|Any CPU
		{B453F606-0916-4406-8BDD-3A32FABE27F2}.Debug|Any CPU.Build.0 = Debug|Any CPU
		{B453F606-0916-4406-8BDD-3A32FABE27F2}.Debug|x64.ActiveCfg = Debug|Any CPU
		{B453F606-0916-4406-8BDD-3A32FABE27F2}.Debug|x64.Build.0 = Debug|Any CPU
		{B453F606-0916-4406-8BDD-3A32FABE27F2}.Debug|x86.ActiveCfg = Debug|Any CPU
		{B453F606-0916-4406-8BDD-3A32FABE27F2}.Debug|x86.Build.0 = Debug|Any CPU
		{B453F606-0916-4406-8BDD-3A32FABE27F2}.Release|Any CPU.ActiveCfg = Release|Any CPU
		{B453F606-0916-4406-8BDD-3A32FABE27F2}.Release|Any CPU.Build.0 = Release|Any CPU
		{B453F606-0916-4406-8BDD-3A32FABE27F2}.Release|x64.ActiveCfg = Release|Any CPU
		{B453F606-0916-4406-8BDD-3A32FABE27F2}.Release|x64.Build.0 = Release|Any CPU
		{B453F606-0916-4406-8BDD-3A32FABE27F2}.Release|x86.ActiveCfg = Release|Any CPU
		{B453F606-0916-4406-8BDD-3A32FABE27F2}.Release|x86.Build.0 = Release|Any CPU
	EndGlobalSection
	GlobalSection(SolutionProperties) = preSolution
		HideSolutionNode = FALSE
	EndGlobalSection
	GlobalSection(NestedProjects) = preSolution
		{11111111-0000-0000-0000-000000000002} = {11111111-0000-0000-0000-000000000001}
		{11111111-0000-0000-0000-000000000003} = {11111111-0000-0000-0000-000000000001}
		{11111111-0000-0000-0000-000000000004} = {11111111-0000-0000-0000-000000000003}
		{11111111-0000-0000-0000-000000000005} = {11111111-0000-0000-0000-000000000003}
		{11111111-0000-0000-0000-000000000006} = {11111111-0000-0000-0000-000000000003}
		{A0000000-0000-0000-0000-000000000001} = {11111111-0000-0000-0000-000000000002}
		{A0000000-0000-0000-0000-000000000002} = {11111111-0000-0000-0000-000000000002}
		{A0000000-0000-0000-0000-000000000003} = {11111111-0000-0000-0000-000000000002}
		{B0000000-0000-0000-0000-000000000001} = {11111111-0000-0000-0000-000000000004}
		{B0000000-0000-0000-0000-000000000002} = {11111111-0000-0000-0000-000000000004}
		{B0000000-0000-0000-0000-000000000003} = {11111111-0000-0000-0000-000000000004}
		{B0000000-0000-0000-0000-000000000004} = {11111111-0000-0000-0000-000000000004}
		{C0000000-0000-0000-0000-000000000001} = {11111111-0000-0000-0000-000000000005}
		{C0000000-0000-0000-0000-000000000002} = {11111111-0000-0000-0000-000000000005}
		{C0000000-0000-0000-0000-000000000003} = {11111111-0000-0000-0000-000000000005}
		{C0000000-0000-0000-0000-000000000004} = {11111111-0000-0000-0000-000000000005}
		{D0000000-0000-0000-0000-000000000001} = {11111111-0000-0000-0000-000000000006}
		{D0000000-0000-0000-0000-000000000002} = {11111111-0000-0000-0000-000000000006}
		{D0000000-0000-0000-0000-000000000003} = {11111111-0000-0000-0000-000000000006}
		{D0000000-0000-0000-0000-000000000004} = {11111111-0000-0000-0000-000000000006}
		{11111111-0000-0000-0000-000000000007} = {11111111-0000-0000-0000-000000000003}
		{F0000000-0000-0000-0000-000000000001} = {11111111-0000-0000-0000-000000000007}
		{11111111-0000-0000-0000-000000000008} = {11111111-0000-0000-0000-000000000003}
		{E0000000-0000-0000-0000-000000000001} = {11111111-0000-0000-0000-000000000008}
		{F0000000-0000-0000-0000-000000000002} = {11111111-0000-0000-0000-000000000007}
		{F0000000-0000-0000-0000-000000000003} = {11111111-0000-0000-0000-000000000007}
		{F0000000-0000-0000-0000-000000000004} = {11111111-0000-0000-0000-000000000007}
		{215E1592-B223-4073-9F1C-445CACCCAA51} = {0AB3BF05-4346-4AA6-1389-037BE0695223}
		{FF56A775-6A70-4BC5-96A3-691387017B23} = {0AB3BF05-4346-4AA6-1389-037BE0695223}
		{D3049D39-5CFE-452E-B280-046E4DAD48CF} = {0AB3BF05-4346-4AA6-1389-037BE0695223}
		{B453F606-0916-4406-8BDD-3A32FABE27F2} = {0AB3BF05-4346-4AA6-1389-037BE0695223}
	EndGlobalSection
EndGlobal
